{
  "name": "text-dep",
  "version": "0.0.2",
  "lockfileVersion": 1,
  "dependencies": {
    "nan": {
      "version": "2.3.5",
      "resolved": "https://registry.npmjs.org/nan/-/nan-2.3.5.tgz",
      "integrity": "sha1-gioNwmYpDOTNOhIoLKPn42Rmigg="
    },
    "os-service": {
      "version": "2.0.0",
      "resolved": "https://registry.npmjs.org/os-service/-/os-service-2.0.0.tgz",
      "integrity": "sha512-q/u1MNi8RorE6x5Uzi5sYg8rRb5zZOnZPnwc7SU7eeCbqI9LgBEqFEYCkNVrvR6S3GrgVV8a+mdci3gNhg8d2A=="
    }
  }
}
